{
    "_readme": [
        "This file locks the dependencies of your project to a known state",
        "Read more about it at http://getcomposer.org/doc/01-basic-usage.md#composer-lock-the-lock-file",
        "This file is @generated automatically"
    ],
    "hash": "a0eac5355418f343c9d8fc341d60f5da",
    "packages": [
        {
            "name": "camspiers/reactjs-php-render",
            "version": "dev-master",
            "source": {
                "type": "git",
                "url": "https://github.com/camspiers/reactjs-php-render.git",
                "reference": "333eda622ff46feb1215d4d3660c04ba8c091d0a"
            },
            "dist": {
                "type": "zip",
                "url": "https://api.github.com/repos/camspiers/reactjs-php-render/zipball/333eda622ff46feb1215d4d3660c04ba8c091d0a",
                "reference": "333eda622ff46feb1215d4d3660c04ba8c091d0a",
                "shasum": ""
            },
            "require": {
                "guzzlehttp/guzzle": "~4.0",
                "php": ">=5.4.0",
                "psr/log": "~1.0"
            },
            "require-dev": {
                "phpunit/phpunit": "~4.0"
            },
            "type": "library",
            "autoload": {
                "psr-4": {
                    "ReactJS\\": "src/"
                }
            },
            "notification-url": "https://packagist.org/downloads/",
            "authors": [
                {
                    "name": "Cam Spiers",
                    "email": "camspiers@gmail.com"
                },
                {
                    "name": "Pieter Vanderwerff",
                    "email": "me@pieter.io"
                }
            ],
            "description": "React rendering from PHP",
            "time": "2014-06-13 03:47:05"
        },
        {
            "name": "docopt/docopt",
            "version": "0.6.0",
            "source": {
                "type": "git",
                "url": "https://github.com/docopt/docopt.php.git",
                "reference": "ad2afba96771ab5d8c29c36d720461886b338d78"
            },
            "dist": {
                "type": "zip",
                "url": "https://api.github.com/repos/docopt/docopt.php/zipball/ad2afba96771ab5d8c29c36d720461886b338d78",
                "reference": "ad2afba96771ab5d8c29c36d720461886b338d78",
                "shasum": ""
            },
            "require": {
                "php": ">=5.3.0"
            },
            "type": "library",
            "autoload": {
                "classmap": [
                    "src/docopt.php"
                ]
            },
            "notification-url": "https://packagist.org/downloads/",
            "license": [
                "MIT"
            ],
            "authors": [
                {
                    "name": "Blake Williams",
                    "email": "code@shabbyrobe.org",
                    "homepage": "http://docopt.org/",
                    "role": "Developer"
                }
            ],
            "description": "Port of Python's docopt for PHP 5.3",
            "homepage": "http://github.com/docopt/docopt.php",
            "keywords": [
                "cli",
                "docs"
            ],
            "time": "2013-01-24 10:17:13"
        },
        {
            "name": "evenement/evenement",
            "version": "v2.0.0",
            "source": {
                "type": "git",
                "url": "https://github.com/igorw/evenement.git",
                "reference": "f6e843799fd4f4184d54d8fc7b5b3551c9fa803e"
            },
            "dist": {
                "type": "zip",
                "url": "https://api.github.com/repos/igorw/evenement/zipball/f6e843799fd4f4184d54d8fc7b5b3551c9fa803e",
                "reference": "f6e843799fd4f4184d54d8fc7b5b3551c9fa803e",
                "shasum": ""
            },
            "require": {
                "php": ">=5.4.0"
            },
            "type": "library",
            "extra": {
                "branch-alias": {
                    "dev-master": "2.0-dev"
                }
            },
            "autoload": {
                "psr-0": {
                    "Evenement": "src"
                }
            },
            "notification-url": "https://packagist.org/downloads/",
            "license": [
                "MIT"
            ],
            "authors": [
                {
                    "name": "Igor Wiedler",
                    "email": "igor@wiedler.ch",
                    "homepage": "http://wiedler.ch/igor/"
                }
            ],
            "description": "Événement is a very simple event dispatching library for PHP",
            "keywords": [
                "event-dispatcher",
                "event-emitter"
            ],
            "time": "2012-11-02 14:49:47"
        },
        {
            "name": "guzzle/parser",
            "version": "v3.9.1",
            "target-dir": "Guzzle/Parser",
            "source": {
                "type": "git",
                "url": "https://github.com/guzzle/parser.git",
                "reference": "6874d171318a8e93eb6d224cf85e4678490b625c"
            },
            "dist": {
                "type": "zip",
                "url": "https://api.github.com/repos/guzzle/parser/zipball/6874d171318a8e93eb6d224cf85e4678490b625c",
                "reference": "6874d171318a8e93eb6d224cf85e4678490b625c",
                "shasum": ""
            },
            "require": {
                "php": ">=5.3.2"
            },
            "type": "library",
            "extra": {
                "branch-alias": {
                    "dev-master": "3.7-dev"
                }
            },
            "autoload": {
                "psr-0": {
                    "Guzzle\\Parser": ""
                }
            },
            "notification-url": "https://packagist.org/downloads/",
            "license": [
                "MIT"
            ],
            "description": "Interchangeable parsers used by Guzzle",
            "homepage": "http://guzzlephp.org/",
            "keywords": [
                "URI Template",
                "cookie",
                "http",
                "message",
                "url"
            ],
            "time": "2014-02-05 18:29:46"
        },
        {
            "name": "guzzlehttp/guzzle",
            "version": "4.1.1",
            "source": {
                "type": "git",
                "url": "https://github.com/guzzle/guzzle.git",
                "reference": "577a69ff7d0a24e9576a2885c3a7afbaadd51ec1"
            },
            "dist": {
                "type": "zip",
                "url": "https://api.github.com/repos/guzzle/guzzle/zipball/577a69ff7d0a24e9576a2885c3a7afbaadd51ec1",
                "reference": "577a69ff7d0a24e9576a2885c3a7afbaadd51ec1",
                "shasum": ""
            },
            "require": {
                "ext-json": "*",
                "guzzlehttp/streams": "~1.0",
                "php": ">=5.4.0"
            },
            "require-dev": {
                "ext-curl": "*",
                "phpunit/phpunit": "~4.0",
                "psr/log": "~1.0"
            },
            "suggest": {
                "ext-curl": "Guzzle will use specific adapters if cURL is present"
            },
            "type": "library",
            "extra": {
                "branch-alias": {
                    "dev-master": "4.1.x-dev"
                }
            },
            "autoload": {
                "psr-4": {
                    "GuzzleHttp\\": "src/"
                },
                "files": [
                    "src/functions.php"
                ]
            },
            "notification-url": "https://packagist.org/downloads/",
            "license": [
                "MIT"
            ],
            "authors": [
                {
                    "name": "Michael Dowling",
                    "email": "mtdowling@gmail.com",
                    "homepage": "https://github.com/mtdowling"
                }
            ],
            "description": "Guzzle is a PHP HTTP client library and framework for building RESTful web service clients",
            "homepage": "http://guzzlephp.org/",
            "keywords": [
                "client",
                "curl",
                "framework",
                "http",
                "http client",
                "rest",
                "web service"
            ],
            "time": "2014-06-08 20:00:20"
        },
        {
            "name": "guzzlehttp/streams",
            "version": "1.1.0",
            "source": {
                "type": "git",
                "url": "https://github.com/guzzle/streams.git",
                "reference": "cf0c8c33ca95cc147efba4c714f630ee44767180"
            },
            "dist": {
                "type": "zip",
                "url": "https://api.github.com/repos/guzzle/streams/zipball/cf0c8c33ca95cc147efba4c714f630ee44767180",
                "reference": "cf0c8c33ca95cc147efba4c714f630ee44767180",
                "shasum": ""
            },
            "require": {
                "php": ">=5.4.0"
            },
            "require-dev": {
                "phpunit/phpunit": "~4.0"
            },
            "type": "library",
            "extra": {
                "branch-alias": {
                    "dev-master": "1.0.x-dev"
                }
            },
            "autoload": {
                "psr-4": {
                    "GuzzleHttp\\Stream\\": "src/"
                },
                "files": [
                    "src/functions.php"
                ]
            },
            "notification-url": "https://packagist.org/downloads/",
            "license": [
                "MIT"
            ],
            "authors": [
                {
                    "name": "Michael Dowling",
                    "email": "mtdowling@gmail.com",
                    "homepage": "https://github.com/mtdowling"
                }
            ],
            "description": "Provides a simple abstraction over streams of data (Guzzle 4+)",
            "homepage": "http://guzzlephp.org/",
            "keywords": [
                "Guzzle",
                "stream"
            ],
            "time": "2014-04-03 04:48:24"
        },
        {
            "name": "psr/log",
            "version": "1.0.0",
            "source": {
                "type": "git",
                "url": "https://github.com/php-fig/log.git",
                "reference": "fe0936ee26643249e916849d48e3a51d5f5e278b"
            },
            "dist": {
                "type": "zip",
                "url": "https://api.github.com/repos/php-fig/log/zipball/fe0936ee26643249e916849d48e3a51d5f5e278b",
                "reference": "fe0936ee26643249e916849d48e3a51d5f5e278b",
                "shasum": ""
            },
            "type": "library",
            "autoload": {
                "psr-0": {
                    "Psr\\Log\\": ""
                }
            },
            "notification-url": "https://packagist.org/downloads/",
            "license": [
                "MIT"
            ],
            "authors": [
                {
                    "name": "PHP-FIG",
                    "homepage": "http://www.php-fig.org/"
                }
            ],
            "description": "Common interface for logging libraries",
            "keywords": [
                "log",
                "psr",
                "psr-3"
            ],
            "time": "2012-12-21 11:40:51"
        },
        {
            "name": "react/event-loop",
            "version": "v0.4.1",
            "source": {
                "type": "git",
                "url": "https://github.com/reactphp/event-loop.git",
                "reference": "18c5297087ca01de85518e2b55078f444144aa1b"
            },
            "dist": {
                "type": "zip",
                "url": "https://api.github.com/repos/reactphp/event-loop/zipball/18c5297087ca01de85518e2b55078f444144aa1b",
                "reference": "18c5297087ca01de85518e2b55078f444144aa1b",
                "shasum": ""
            },
            "require": {
                "php": ">=5.4.0"
            },
            "suggest": {
                "ext-event": "~1.0",
                "ext-libev": "*",
                "ext-libevent": ">=0.1.0"
            },
            "type": "library",
            "extra": {
                "branch-alias": {
                    "dev-master": "0.4-dev"
                }
            },
            "autoload": {
                "psr-4": {
                    "React\\EventLoop\\": ""
                }
            },
            "notification-url": "https://packagist.org/downloads/",
            "license": [
                "MIT"
            ],
            "description": "Event loop abstraction layer that libraries can use for evented I/O.",
            "keywords": [
                "event-loop"
            ],
            "time": "2014-02-26 17:36:58"
        },
        {
            "name": "react/http",
            "version": "v0.4.0",
            "source": {
                "type": "git",
                "url": "https://github.com/reactphp/http.git",
                "reference": "7b9d293b7a3f73acd840a341497e267d8562d637"
            },
            "dist": {
                "type": "zip",
                "url": "https://api.github.com/repos/reactphp/http/zipball/7b9d293b7a3f73acd840a341497e267d8562d637",
                "reference": "7b9d293b7a3f73acd840a341497e267d8562d637",
                "shasum": ""
            },
            "require": {
                "guzzle/parser": "~3.0",
                "php": ">=5.4.0",
                "react/socket": "0.4.*"
            },
            "type": "library",
            "extra": {
                "branch-alias": {
                    "dev-master": "0.4-dev"
                }
            },
            "autoload": {
                "psr-4": {
                    "React\\Http\\": ""
                }
            },
            "notification-url": "https://packagist.org/downloads/",
            "license": [
                "MIT"
            ],
            "description": "Library for building an evented http server.",
            "keywords": [
                "http"
            ],
            "time": "2014-02-02 01:11:26"
        },
        {
            "name": "react/socket",
            "version": "v0.4.2",
            "source": {
                "type": "git",
                "url": "https://github.com/reactphp/socket.git",
                "reference": "a6acf405ca53fc6cfbfe7c77778ededff46aa7cc"
            },
            "dist": {
                "type": "zip",
                "url": "https://api.github.com/repos/reactphp/socket/zipball/a6acf405ca53fc6cfbfe7c77778ededff46aa7cc",
                "reference": "a6acf405ca53fc6cfbfe7c77778ededff46aa7cc",
                "shasum": ""
            },
            "require": {
                "evenement/evenement": "~2.0",
                "php": ">=5.4.0",
                "react/event-loop": "0.4.*",
                "react/stream": "0.4.*"
            },
            "type": "library",
            "extra": {
                "branch-alias": {
                    "dev-master": "0.4-dev"
                }
            },
            "autoload": {
                "psr-4": {
                    "React\\Socket\\": "src"
                }
            },
            "notification-url": "https://packagist.org/downloads/",
            "license": [
                "MIT"
            ],
            "description": "Library for building an evented socket server.",
            "keywords": [
                "Socket"
            ],
            "time": "2014-05-25 17:02:16"
        },
        {
            "name": "react/stream",
            "version": "v0.4.1",
            "source": {
                "type": "git",
                "url": "https://github.com/reactphp/stream.git",
                "reference": "9db28e85a6fe7b57fad5e8c036f3434bcb8c8f60"
            },
            "dist": {
                "type": "zip",
                "url": "https://api.github.com/repos/reactphp/stream/zipball/9db28e85a6fe7b57fad5e8c036f3434bcb8c8f60",
                "reference": "9db28e85a6fe7b57fad5e8c036f3434bcb8c8f60",
                "shasum": ""
            },
            "require": {
                "evenement/evenement": "~2.0",
                "php": ">=5.4.0"
            },
            "suggest": {
                "react/event-loop": "0.4.*",
                "react/promise": "~2.0"
            },
            "type": "library",
            "extra": {
                "branch-alias": {
                    "dev-master": "0.4-dev"
                }
            },
            "autoload": {
                "psr-4": {
                    "React\\Stream\\": ""
                }
            },
            "notification-url": "https://packagist.org/downloads/",
            "license": [
                "MIT"
            ],
            "description": "Basic readable and writable stream interfaces that support piping.",
            "keywords": [
                "pipe",
                "stream"
            ],
            "time": "2014-03-30 17:19:02"
        }
    ],
    "packages-dev": [],
    "aliases": [],
    "minimum-stability": "stable",
    "stability-flags": {
        "camspiers/reactjs-php-render": 20
    },
    "platform": [],
    "platform-dev": []
}
